schema: '2.0'
stages:
  create_folders:
    cmd: mkdir -p out
  create_examples:
    cmd: python -m examples_creator
    deps:
    - path: data/convos.jsonl
      hash: md5
      md5: 07454d67b2a2f1cfc3e957c6035d7611
      size: 264334
    - path: data/rag_paraphrase_eval.jsonl
      hash: md5
      md5: 17104700ae742bdffed9275fc537ddba
      size: 110858
    - path: examples_creator.py
      hash: md5
      md5: e393bcea25305e77ef5d20a0c854a974
      size: 2681
    params:
      params.yaml:
        examples_creator.random_state: 34
        examples_creator.test_size: 0.3
    outs:
    - path: out/reformulation_eval.pkl
      hash: md5
      md5: 4facdd769dbd5f69bdc04451176c5c47
      size: 29181
    - path: out/reformulation_examples.pkl
      hash: md5
      md5: b7b7f72b0b831e8cd86602c167e09524
      size: 320853
  evaluate:
    cmd: PYTHONPATH=../.. python -m evaluate --variant before
    deps:
    - path: data/convos.jsonl
      hash: md5
      md5: 07454d67b2a2f1cfc3e957c6035d7611
      size: 264334
    - path: data/rag_paraphrase_eval.jsonl
      hash: md5
      md5: 17104700ae742bdffed9275fc537ddba
      size: 110858
    - path: evaluate.py
      hash: md5
      md5: 32b9c6eacd3362f1bfac91e23bc5b695
      size: 1838
    - path: out/reformulation_eval.pkl
      hash: md5
      md5: 4facdd769dbd5f69bdc04451176c5c47
      size: 29181
    params:
      params.yaml:
        generator_llm.params:
          model_name: gemma-4-26B-A4B-it
          temperature: 0.5
          max_tokens: 8000
    outs:
    - path: out/eval_results_before.csv
      hash: md5
      md5: 0f5d2ad58616e41b5f99e8ae6d517252
      size: 46504
  run_optimization:
    cmd: PYTHONPATH=../.. python -m optimize
    deps:
    - path: data/convos.jsonl
      hash: md5
      md5: 07454d67b2a2f1cfc3e957c6035d7611
      size: 264334
    - path: data/rag_paraphrase_eval.jsonl
      hash: md5
      md5: 17104700ae742bdffed9275fc537ddba
      size: 110858
    - path: optimize.py
      hash: md5
      md5: 4ddbf8b98d3d63b2ef53f27433a5fe4e
      size: 1523
    - path: out/reformulation_eval.pkl
      hash: md5
      md5: 4facdd769dbd5f69bdc04451176c5c47
      size: 29181
    - path: out/reformulation_examples.pkl
      hash: md5
      md5: b7b7f72b0b831e8cd86602c167e09524
      size: 320853
    params:
      params.yaml:
        generator_llm.params:
          model_name: gemma-4-26B-A4B-it
          temperature: 0.5
          max_tokens: 8000
        gepa_config:
          auto: heavy
        reflection_llm.params:
          model_name: gpt-oss-120b
          temperature: 0.5
          max_tokens: 8000
    outs:
    - path: out/reform_bot_optimized.json
      hash: md5
      md5: ffc7bc46d579a8527a93470a44110b62
      size: 6222
  evaluate-after:
    cmd: PYTHONPATH=../.. python -m evaluate --variant after
    deps:
    - path: data/convos.jsonl
      hash: md5
      md5: 07454d67b2a2f1cfc3e957c6035d7611
      size: 264334
    - path: data/rag_paraphrase_eval.jsonl
      hash: md5
      md5: 17104700ae742bdffed9275fc537ddba
      size: 110858
    - path: evaluate.py
      hash: md5
      md5: 32b9c6eacd3362f1bfac91e23bc5b695
      size: 1838
    - path: out/reform_bot_optimized.json
      hash: md5
      md5: ffc7bc46d579a8527a93470a44110b62
      size: 6222
    - path: out/reformulation_eval.pkl
      hash: md5
      md5: 4facdd769dbd5f69bdc04451176c5c47
      size: 29181
    outs:
    - path: out/eval_results_after.csv
      hash: md5
      md5: 897beb8e7affbad90c17b8dd1ba70fb8
      size: 46906
  setup_dvc_exp:
    cmd: python -c "from maybe_setup_mlflow import maybe_setup_mlflow"
  maybe_setup_dvc_exp:
    cmd: python -c "from maybe_setup_mlflow import maybe_setup_mlflow; 
      maybe_setup_mlflow()"
