schema: '2.0'
stages:
  create_folders:
    cmd: mkdir -p out
  create_examples:
    cmd: python -m examples_creator
    deps:
    - path: data/convos.jsonl
      hash: md5
      md5: 07454d67b2a2f1cfc3e957c6035d7611
      size: 264334
    - path: data/rag_paraphrase_eval.jsonl
      hash: md5
      md5: 17104700ae742bdffed9275fc537ddba
      size: 110858
    - path: examples_creator.py
      hash: md5
      md5: 07250f37668350b7767bf27001e0a87f
      size: 2440
    outs:
    - path: out/reformulation_eval.pkl
      hash: md5
      md5: ce8184213da949d233c4f8815fabc3e6
      size: 29181
    - path: out/reformulation_examples.pkl
      hash: md5
      md5: 2b1cdece7793d7591ae076c43961e941
      size: 320853
  evaluate:
    cmd: PYTHONPATH=../.. python -m evaluate --variant before
    deps:
    - path: ../../src/clarin_lm.py
      hash: md5
      md5: 3d43a9abd74ab85734afab5533df2ae6
      size: 454
    - path: data/convos.jsonl
      hash: md5
      md5: 07454d67b2a2f1cfc3e957c6035d7611
      size: 264334
    - path: data/rag_paraphrase_eval.jsonl
      hash: md5
      md5: 17104700ae742bdffed9275fc537ddba
      size: 110858
    - path: evaluate.py
      hash: md5
      md5: d75beea4fe2c3ab024edaf7076e5cbac
      size: 2028
    - path: out/reformulation_eval.pkl
      hash: md5
      md5: ce8184213da949d233c4f8815fabc3e6
      size: 29181
    outs:
    - path: out/eval_results_before.csv
      hash: md5
      md5: b638c0eb042eb4e21df835a362680772
      size: 46314
    - path: out/mlflow.db
      hash: md5
      md5: f4f57221f97463818896d5efa39e1370
      size: 4026368
  run_optimization:
    cmd: PYTHONPATH=../.. python -m optimize
    deps:
    - path: ../../src/clarin_lm.py
      hash: md5
      md5: 3d43a9abd74ab85734afab5533df2ae6
      size: 454
    - path: data/convos.jsonl
      hash: md5
      md5: 07454d67b2a2f1cfc3e957c6035d7611
      size: 264334
    - path: data/rag_paraphrase_eval.jsonl
      hash: md5
      md5: 17104700ae742bdffed9275fc537ddba
      size: 110858
    - path: optimize.py
      hash: md5
      md5: abd0c36cc4d927e61eeb67f53c748081
      size: 1815
    - path: out/mlflow.db
      hash: md5
      md5: 2aef6c06f24ad8fee0cf41a0475152d1
      size: 10895360
    - path: out/reformulation_eval.pkl
      hash: md5
      md5: ce8184213da949d233c4f8815fabc3e6
      size: 29181
    - path: out/reformulation_examples.pkl
      hash: md5
      md5: 2b1cdece7793d7591ae076c43961e941
      size: 320853
    outs:
    - path: out/gepa_logs/
      hash: md5
      md5: e45a82f8cd61d6ec389ea7ab0529520e.dir
      size: 20890
      nfiles: 31
    - path: out/reform_bot_optimized.json
      hash: md5
      md5: edb8b1c90413652dca0b015411ea1769
      size: 3679
  evaluate-after:
    cmd: PYTHONPATH=../.. python -m evaluate --variant after
    deps:
    - path: ../../src/clarin_lm.py
      hash: md5
      md5: 3d43a9abd74ab85734afab5533df2ae6
      size: 454
    - path: data/convos.jsonl
      hash: md5
      md5: 07454d67b2a2f1cfc3e957c6035d7611
      size: 264334
    - path: data/rag_paraphrase_eval.jsonl
      hash: md5
      md5: 17104700ae742bdffed9275fc537ddba
      size: 110858
    - path: evaluate.py
      hash: md5
      md5: d75beea4fe2c3ab024edaf7076e5cbac
      size: 2028
    - path: out/mlflow.db
      hash: md5
      md5: ae5488b247cdcfcb22a6317ab02b257e
      size: 12005376
    - path: out/reform_bot_optimized.json
      hash: md5
      md5: edb8b1c90413652dca0b015411ea1769
      size: 3679
    - path: out/reformulation_eval.pkl
      hash: md5
      md5: ce8184213da949d233c4f8815fabc3e6
      size: 29181
    outs:
    - path: out/eval_results_after.csv
      hash: md5
      md5: 2b0c9b4d8d9e55c469d1ccf2f6493483
      size: 46269
